
Microsoft Visual Studio Solution File, Format Version 12.00
# Visual Studio Version 16
VisualStudioVersion = 16.0.31702.278
MinimumVisualStudioVersion = 10.0.40219.1
Project("{8BC9CEB8-8B4A-11D0-8D11-00A0C91BC942}") = "matrix 2022", "matrix 2022\matrix 2022.vcxproj", "{B1D142A0-9F49-4DA6-810F-30A7F99E299C}"
EndProject
Global
	GlobalSection(SolutionConfigurationPlatforms) = preSolution
		Debug|x64 = Debug|x64
		Debug|x86 = Debug|x86
		Release|x64 = Release|x64
		Release|x86 = Release|x86
	EndGlobalSection
	GlobalSection(ProjectConfigurationPlatforms) = postSolution
		{B1D142A0-9F49-4DA6-810F-30A7F99E299C}.Debug|x64.ActiveCfg = Debug|x64
		{B1D142A0-9F49-4DA6-810F-30A7F99E299C}.Debug|x64.Build.0 = Debug|x64
		{B1D142A0-9F49-4DA6-810F-30A7F99E299C}.Debug|x86.ActiveCfg = Debug|Win32
		{B1D142A0-9F49-4DA6-810F-30A7F99E299C}.Debug|x86.Build.0 = Debug|Win32
		{B1D142A0-9F49-4DA6-810F-30A7F99E299C}.Release|x64.ActiveCfg = Release|x64
		{B1D142A0-9F49-4DA6-810F-30A7F99E299C}.Release|x64.Build.0 = Release|x64
		{B1D142A0-9F49-4DA6-810F-30A7F99E299C}.Release|x86.ActiveCfg = Release|Win32
		{B1D142A0-9F49-4DA6-810F-30A7F99E299C}.Release|x86.Build.0 = Release|Win32
	EndGlobalSection
	GlobalSection(SolutionProperties) = preSolution
		HideSolutionNode = FALSE
	EndGlobalSection
	GlobalSection(ExtensibilityGlobals) = postSolution
		SolutionGuid = {D1924A77-D96E-4657-9FAB-17A80822E626}
	EndGlobalSection
EndGlobal
